
Microsoft Visual Studio Solution File, Format Version 12.00
# Visual Studio Version 16
VisualStudioVersion = 16.0.30523.141
MinimumVisualStudioVersion = 10.0.40219.1
Project("{FAE04EC0-301F-11D3-BF4B-00C04F79EFBC}") = "netcore-for-jenkins", "netcore-for-jenkins.csproj", "{02AF1C57-AAF8-45D7-A3EE-5BA63CFF1031}"
EndProject
Global
	GlobalSection(SolutionConfigurationPlatforms) = preSolution
		Debug|Any CPU = Debug|Any CPU
		Release|Any CPU = Release|Any CPU
	EndGlobalSection
	GlobalSection(ProjectConfigurationPlatforms) = postSolution
		{02AF1C57-AAF8-45D7-A3EE-5BA63CFF1031}.Debug|Any CPU.ActiveCfg = Debug|Any CPU
		{02AF1C57-AAF8-45D7-A3EE-5BA63CFF1031}.Debug|Any CPU.Build.0 = Debug|Any CPU
		{02AF1C57-AAF8-45D7-A3EE-5BA63CFF1031}.Release|Any CPU.ActiveCfg = Release|Any CPU
		{02AF1C57-AAF8-45D7-A3EE-5BA63CFF1031}.Release|Any CPU.Build.0 = Release|Any CPU
	EndGlobalSection
	GlobalSection(SolutionProperties) = preSolution
		HideSolutionNode = FALSE
	EndGlobalSection
	GlobalSection(ExtensibilityGlobals) = postSolution
		SolutionGuid = {ACD7C5ED-EFF4-4A00-B3C7-845363167AA3}
	EndGlobalSection
EndGlobal
